
Microsoft Visual Studio Solution File, Format Version 12.00
# Visual Studio 14
VisualStudioVersion = 14.0.25420.1
MinimumVisualStudioVersion = 10.0.40219.1
Project("{8BC9CEB8-8B4A-11D0-8D11-00A0C91BC942}") = "RenderUtils", "RenderUtils\RenderUtils.vcxproj", "{7062BF28-6F2E-4D98-B402-7C2C89349CC0}"
EndProject
Project("{8BC9CEB8-8B4A-11D0-8D11-00A0C91BC942}") = "TriangleTest", "TriangleTest\TriangleTest.vcxproj", "{0569476D-9D12-49F7-96E3-AF8908E6225E}"
	ProjectSection(ProjectDependencies) = postProject
		{7062BF28-6F2E-4D98-B402-7C2C89349CC0} = {7062BF28-6F2E-4D98-B402-7C2C89349CC0}
	EndProjectSection
EndProject
Global
	GlobalSection(SolutionConfigurationPlatforms) = preSolution
		Debug|x86 = Debug|x86
		Release|x86 = Release|x86
	EndGlobalSection
	GlobalSection(ProjectConfigurationPlatforms) = postSolution
		{7062BF28-6F2E-4D98-B402-7C2C89349CC0}.Debug|x86.ActiveCfg = Debug|Win32
		{7062BF28-6F2E-4D98-B402-7C2C89349CC0}.Debug|x86.Build.0 = Debug|Win32
		{7062BF28-6F2E-4D98-B402-7C2C89349CC0}.Release|x86.ActiveCfg = Release|Win32
		{7062BF28-6F2E-4D98-B402-7C2C89349CC0}.Release|x86.Build.0 = Release|Win32
		{0569476D-9D12-49F7-96E3-AF8908E6225E}.Debug|x86.ActiveCfg = Debug|Win32
		{0569476D-9D12-49F7-96E3-AF8908E6225E}.Debug|x86.Build.0 = Debug|Win32
		{0569476D-9D12-49F7-96E3-AF8908E6225E}.Release|x86.ActiveCfg = Release|Win32
		{0569476D-9D12-49F7-96E3-AF8908E6225E}.Release|x86.Build.0 = Release|Win32
	EndGlobalSection
	GlobalSection(SolutionProperties) = preSolution
		HideSolutionNode = FALSE
	EndGlobalSection
EndGlobal
